
Microsoft Visual Studio Solution File, Format Version 12.00
# Visual Studio 2012
Project("{FAE04EC0-301F-11D3-BF4B-00C04F79EFBC}") = "medecine", "medecine\medecine.csproj", "{D9917631-B938-4FD8-9C37-30BB12D4771C}"
EndProject
Project("{FAE04EC0-301F-11D3-BF4B-00C04F79EFBC}") = "DatabaseDAL", "DatabaseDAL\DatabaseDAL.csproj", "{C6FD9F84-A18E-472D-BA4B-7ED274F5B276}"
EndProject
Global
	GlobalSection(SolutionConfigurationPlatforms) = preSolution
		Debug|Any CPU = Debug|Any CPU
		Release|Any CPU = Release|Any CPU
	EndGlobalSection
	GlobalSection(ProjectConfigurationPlatforms) = postSolution
		{D9917631-B938-4FD8-9C37-30BB12D4771C}.Debug|Any CPU.ActiveCfg = Debug|Any CPU
		{D9917631-B938-4FD8-9C37-30BB12D4771C}.Debug|Any CPU.Build.0 = Debug|Any CPU
		{D9917631-B938-4FD8-9C37-30BB12D4771C}.Release|Any CPU.ActiveCfg = Release|Any CPU
		{D9917631-B938-4FD8-9C37-30BB12D4771C}.Release|Any CPU.Build.0 = Release|Any CPU
		{C6FD9F84-A18E-472D-BA4B-7ED274F5B276}.Debug|Any CPU.ActiveCfg = Debug|Any CPU
		{C6FD9F84-A18E-472D-BA4B-7ED274F5B276}.Debug|Any CPU.Build.0 = Debug|Any CPU
		{C6FD9F84-A18E-472D-BA4B-7ED274F5B276}.Release|Any CPU.ActiveCfg = Release|Any CPU
		{C6FD9F84-A18E-472D-BA4B-7ED274F5B276}.Release|Any CPU.Build.0 = Release|Any CPU
	EndGlobalSection
	GlobalSection(SolutionProperties) = preSolution
		HideSolutionNode = FALSE
	EndGlobalSection
EndGlobal
